// !$*UTF8*$!
{
	archiveVersion = 1;
	classes = {
	};
	objectVersion = 56;
	objects = {

/* Begin PBXBuildFile section */
		180F50AA2ABD1C1400841664 /* NetAddDisplayViewController.swift in Sources */ = {isa = PBXBuildFile; fileRef = 180F50A92ABD1C1400841664 /* NetAddDisplayViewController.swift */; };
		1889EF972AB8705100A0EEF1 /* AppDelegate.swift in Sources */ = {isa = PBXBuildFile; fileRef = 1889EF962AB8705100A0EEF1 /* AppDelegate.swift */; };
		1889EF992AB8705100A0EEF1 /* ViewController.swift in Sources */ = {isa = PBXBuildFile; fileRef = 1889EF982AB8705100A0EEF1 /* ViewController.swift */; };
		1889EF9B2AB8705400A0EEF1 /* Assets.xcassets in Resources */ = {isa = PBXBuildFile; fileRef = 1889EF9A2AB8705400A0EEF1 /* Assets.xcassets */; };
		1889EF9E2AB8705400A0EEF1 /* Main.storyboard in Resources */ = {isa = PBXBuildFile; fileRef = 1889EF9C2AB8705400A0EEF1 /* Main.storyboard */; };
		1889EFA92AB8705500A0EEF1 /* SubnettingAppTests.swift in Sources */ = {isa = PBXBuildFile; fileRef = 1889EFA82AB8705500A0EEF1 /* SubnettingAppTests.swift */; };
		1889EFB32AB8705500A0EEF1 /* SubnettingAppUITests.swift in Sources */ = {isa = PBXBuildFile; fileRef = 1889EFB22AB8705500A0EEF1 /* SubnettingAppUITests.swift */; };
		1889EFB52AB8705500A0EEF1 /* SubnettingAppUITestsLaunchTests.swift in Sources */ = {isa = PBXBuildFile; fileRef = 1889EFB42AB8705500A0EEF1 /* SubnettingAppUITestsLaunchTests.swift */; };
		1889EFC22AB870C900A0EEF1 /* subnetting.swift in Sources */ = {isa = PBXBuildFile; fileRef = 1889EFC12AB870C900A0EEF1 /* subnetting.swift */; };
		18A409FF2ABC16C500B4782B /* NetAddViewController.swift in Sources */ = {isa = PBXBuildFile; fileRef = 18A409FE2ABC16C500B4782B /* NetAddViewController.swift */; };
		18A40A012ABC1D1E00B4782B /* subMaskViewController.swift in Sources */ = {isa = PBXBuildFile; fileRef = 18A40A002ABC1D1E00B4782B /* subMaskViewController.swift */; };
		18A40A032ABC476100B4782B /* SubNetting1ViewController.swift in Sources */ = {isa = PBXBuildFile; fileRef = 18A40A022ABC476100B4782B /* SubNetting1ViewController.swift */; };
		18A40A052ABC593500B4782B /* SubNetting2ViewController.swift in Sources */ = {isa = PBXBuildFile; fileRef = 18A40A042ABC593500B4782B /* SubNetting2ViewController.swift */; };
		18A40A072ABC5A7600B4782B /* SubNetting3ViewController.swift in Sources */ = {isa = PBXBuildFile; fileRef = 18A40A062ABC5A7600B4782B /* SubNetting3ViewController.swift */; };
/* End PBXBuildFile section */

/* Begin PBXContainerItemProxy section */
		1889EFA52AB8705500A0EEF1 /* PBXContainerItemProxy */ = {
			isa = PBXContainerItemProxy;
			containerPortal = 1889EF8B2AB8705100A0EEF1 /* Project object */;
			proxyType = 1;
			remoteGlobalIDString = 1889EF922AB8705100A0EEF1;
			remoteInfo = SubnettingApp;
		};
		1889EFAF2AB8705500A0EEF1 /* PBXContainerItemProxy */ = {
			isa = PBXContainerItemProxy;
			containerPortal = 1889EF8B2AB8705100A0EEF1 /* Project object */;
			proxyType = 1;
			remoteGlobalIDString = 1889EF922AB8705100A0EEF1;
			remoteInfo = SubnettingApp;
		};
/* End PBXContainerItemProxy section */

/* Begin PBXFileReference section */
		180F50A92ABD1C1400841664 /* NetAddDisplayViewController.swift */ = {isa = PBXFileReference; lastKnownFileType = sourcecode.swift; path = NetAddDisplayViewController.swift; sourceTree = "<group>"; };
		1889EF932AB8705100A0EEF1 /* SubnettingApp.app */ = {isa = PBXFileReference; explicitFileType = wrapper.application; includeInIndex = 0; path = SubnettingApp.app; sourceTree = BUILT_PRODUCTS_DIR; };
		1889EF962AB8705100A0EEF1 /* AppDelegate.swift */ = {isa = PBXFileReference; lastKnownFileType = sourcecode.swift; path = AppDelegate.swift; sourceTree = "<group>"; };
		1889EF982AB8705100A0EEF1 /* ViewController.swift */ = {isa = PBXFileReference; lastKnownFileType = sourcecode.swift; path = ViewController.swift; sourceTree = "<group>"; };
		1889EF9A2AB8705400A0EEF1 /* Assets.xcassets */ = {isa = PBXFileReference; lastKnownFileType = folder.assetcatalog; path = Assets.xcassets; sourceTree = "<group>"; };
		1889EF9D2AB8705400A0EEF1 /* Base */ = {isa = PBXFileReference; lastKnownFileType = file.storyboard; name = Base; path = Base.lproj/Main.storyboard; sourceTree = "<group>"; };
		1889EF9F2AB8705500A0EEF1 /* SubnettingApp.entitlements */ = {isa = PBXFileReference; lastKnownFileType = text.plist.entitlements; path = SubnettingApp.entitlements; sourceTree = "<group>"; };
		1889EFA42AB8705500A0EEF1 /* SubnettingAppTests.xctest */ = {isa = PBXFileReference; explicitFileType = wrapper.cfbundle; includeInIndex = 0; path = SubnettingAppTests.xctest; sourceTree = BUILT_PRODUCTS_DIR; };
		1889EFA82AB8705500A0EEF1 /* SubnettingAppTests.swift */ = {isa = PBXFileReference; lastKnownFileType = sourcecode.swift; path = SubnettingAppTests.swift; sourceTree = "<group>"; };
		1889EFAE2AB8705500A0EEF1 /* SubnettingAppUITests.xctest */ = {isa = PBXFileReference; explicitFileType = wrapper.cfbundle; includeInIndex = 0; path = SubnettingAppUITests.xctest; sourceTree = BUILT_PRODUCTS_DIR; };
		1889EFB22AB8705500A0EEF1 /* SubnettingAppUITests.swift */ = {isa = PBXFileReference; lastKnownFileType = sourcecode.swift; path = SubnettingAppUITests.swift; sourceTree = "<group>"; };
		1889EFB42AB8705500A0EEF1 /* SubnettingAppUITestsLaunchTests.swift */ = {isa = PBXFileReference; lastKnownFileType = sourcecode.swift; path = SubnettingAppUITestsLaunchTests.swift; sourceTree = "<group>"; };
		1889EFC12AB870C900A0EEF1 /* subnetting.swift */ = {isa = PBXFileReference; lastKnownFileType = sourcecode.swift; path = subnetting.swift; sourceTree = "<group>"; tabWidth = 4; };
		18A409FE2ABC16C500B4782B /* NetAddViewController.swift */ = {isa = PBXFileReference; lastKnownFileType = sourcecode.swift; path = NetAddViewController.swift; sourceTree = "<group>"; };
		18A40A002ABC1D1E00B4782B /* subMaskViewController.swift */ = {isa = PBXFileReference; lastKnownFileType = sourcecode.swift; path = subMaskViewController.swift; sourceTree = "<group>"; };
		18A40A022ABC476100B4782B /* SubNetting1ViewController.swift */ = {isa = PBXFileReference; lastKnownFileType = sourcecode.swift; path = SubNetting1ViewController.swift; sourceTree = "<group>"; };
		18A40A042ABC593500B4782B /* SubNetting2ViewController.swift */ = {isa = PBXFileReference; lastKnownFileType = sourcecode.swift; path = SubNetting2ViewController.swift; sourceTree = "<group>"; };
		18A40A062ABC5A7600B4782B /* SubNetting3ViewController.swift */ = {isa = PBXFileReference; lastKnownFileType = sourcecode.swift; path = SubNetting3ViewController.swift; sourceTree = "<group>"; };
/* End PBXFileReference section */

/* Begin PBXFrameworksBuildPhase section */
		1889EF902AB8705100A0EEF1 /* Frameworks */ = {
			isa = PBXFrameworksBuildPhase;
			buildActionMask = 2147483647;
			files = (
			);
			runOnlyForDeploymentPostprocessing = 0;
		};
		1889EFA12AB8705500A0EEF1 /* Frameworks */ = {
			isa = PBXFrameworksBuildPhase;
			buildActionMask = 2147483647;
			files = (
			);
			runOnlyForDeploymentPostprocessing = 0;
		};
		1889EFAB2AB8705500A0EEF1 /* Frameworks */ = {
			isa = PBXFrameworksBuildPhase;
			buildActionMask = 2147483647;
			files = (
			);
			runOnlyForDeploymentPostprocessing = 0;
		};
/* End PBXFrameworksBuildPhase section */

/* Begin PBXGroup section */
		1889EF8A2AB8705100A0EEF1 = {
			isa = PBXGroup;
			children = (
				1889EF952AB8705100A0EEF1 /* SubnettingApp */,
				1889EFA72AB8705500A0EEF1 /* SubnettingAppTests */,
				1889EFB12AB8705500A0EEF1 /* SubnettingAppUITests */,
				1889EF942AB8705100A0EEF1 /* Products */,
			);
			sourceTree = "<group>";
		};
		1889EF942AB8705100A0EEF1 /* Products */ = {
			isa = PBXGroup;
			children = (
				1889EF932AB8705100A0EEF1 /* SubnettingApp.app */,
				1889EFA42AB8705500A0EEF1 /* SubnettingAppTests.xctest */,
				1889EFAE2AB8705500A0EEF1 /* SubnettingAppUITests.xctest */,
			);
			name = Products;
			sourceTree = "<group>";
		};
		1889EF952AB8705100A0EEF1 /* SubnettingApp */ = {
			isa = PBXGroup;
			children = (
				1889EF962AB8705100A0EEF1 /* AppDelegate.swift */,
				1889EF982AB8705100A0EEF1 /* ViewController.swift */,
				1889EFC12AB870C900A0EEF1 /* subnetting.swift */,
				1889EF9A2AB8705400A0EEF1 /* Assets.xcassets */,
				1889EF9C2AB8705400A0EEF1 /* Main.storyboard */,
				180F50A92ABD1C1400841664 /* NetAddDisplayViewController.swift */,
				18A40A022ABC476100B4782B /* SubNetting1ViewController.swift */,
				18A40A042ABC593500B4782B /* SubNetting2ViewController.swift */,
				18A40A062ABC5A7600B4782B /* SubNetting3ViewController.swift */,
				18A40A002ABC1D1E00B4782B /* subMaskViewController.swift */,
				18A409FE2ABC16C500B4782B /* NetAddViewController.swift */,
				1889EF9F2AB8705500A0EEF1 /* SubnettingApp.entitlements */,
			);
			path = SubnettingApp;
			sourceTree = "<group>";
		};
		1889EFA72AB8705500A0EEF1 /* SubnettingAppTests */ = {
			isa = PBXGroup;
			children = (
				1889EFA82AB8705500A0EEF1 /* SubnettingAppTests.swift */,
			);
			path = SubnettingAppTests;
			sourceTree = "<group>";
		};
		1889EFB12AB8705500A0EEF1 /* SubnettingAppUITests */ = {
			isa = PBXGroup;
			children = (
				1889EFB22AB8705500A0EEF1 /* SubnettingAppUITests.swift */,
				1889EFB42AB8705500A0EEF1 /* SubnettingAppUITestsLaunchTests.swift */,
			);
			path = SubnettingAppUITests;
			sourceTree = "<group>";
		};
/* End PBXGroup section */

/* Begin PBXNativeTarget section */
		1889EF922AB8705100A0EEF1 /* SubnettingApp */ = {
			isa = PBXNativeTarget;
			buildConfigurationList = 1889EFB82AB8705500A0EEF1 /* Build configuration list for PBXNativeTarget "SubnettingApp" */;
			buildPhases = (
				1889EF8F2AB8705100A0EEF1 /* Sources */,
				1889EF902AB8705100A0EEF1 /* Frameworks */,
				1889EF912AB8705100A0EEF1 /* Resources */,
			);
			buildRules = (
			);
			dependencies = (
			);
			name = SubnettingApp;
			productName = SubnettingApp;
			productReference = 1889EF932AB8705100A0EEF1 /* SubnettingApp.app */;
			productType = "com.apple.product-type.application";
		};
		1889EFA32AB8705500A0EEF1 /* SubnettingAppTests */ = {
			isa = PBXNativeTarget;
			buildConfigurationList = 1889EFBB2AB8705500A0EEF1 /* Build configuration list for PBXNativeTarget "SubnettingAppTests" */;
			buildPhases = (
				1889EFA02AB8705500A0EEF1 /* Sources */,
				1889EFA12AB8705500A0EEF1 /* Frameworks */,
				1889EFA22AB8705500A0EEF1 /* Resources */,
			);
			buildRules = (
			);
			dependencies = (
				1889EFA62AB8705500A0EEF1 /* PBXTargetDependency */,
			);
			name = SubnettingAppTests;
			productName = SubnettingAppTests;
			productReference = 1889EFA42AB8705500A0EEF1 /* SubnettingAppTests.xctest */;
			productType = "com.apple.product-type.bundle.unit-test";
		};
		1889EFAD2AB8705500A0EEF1 /* SubnettingAppUITests */ = {
			isa = PBXNativeTarget;
			buildConfigurationList = 1889EFBE2AB8705500A0EEF1 /* Build configuration list for PBXNativeTarget "SubnettingAppUITests" */;
			buildPhases = (
				1889EFAA2AB8705500A0EEF1 /* Sources */,
				1889EFAB2AB8705500A0EEF1 /* Frameworks */,
				1889EFAC2AB8705500A0EEF1 /* Resources */,
			);
			buildRules = (
			);
			dependencies = (
				1889EFB02AB8705500A0EEF1 /* PBXTargetDependency */,
			);
			name = SubnettingAppUITests;
			productName = SubnettingAppUITests;
			productReference = 1889EFAE2AB8705500A0EEF1 /* SubnettingAppUITests.xctest */;
			productType = "com.apple.product-type.bundle.ui-testing";
		};
/* End PBXNativeTarget section */

/* Begin PBXProject section */
		1889EF8B2AB8705100A0EEF1 /* Project object */ = {
			isa = PBXProject;
			attributes = {
				BuildIndependentTargetsInParallel = 1;
				LastSwiftUpdateCheck = 1430;
				LastUpgradeCheck = 1430;
				TargetAttributes = {
					1889EF922AB8705100A0EEF1 = {
						CreatedOnToolsVersion = 14.3;
					};
					1889EFA32AB8705500A0EEF1 = {
						CreatedOnToolsVersion = 14.3;
						TestTargetID = 1889EF922AB8705100A0EEF1;
					};
					1889EFAD2AB8705500A0EEF1 = {
						CreatedOnToolsVersion = 14.3;
						TestTargetID = 1889EF922AB8705100A0EEF1;
					};
				};
			};
			buildConfigurationList = 1889EF8E2AB8705100A0EEF1 /* Build configuration list for PBXProject "SubnettingApp" */;
			compatibilityVersion = "Xcode 14.0";
			developmentRegion = en;
			hasScannedForEncodings = 0;
			knownRegions = (
				en,
				Base,
			);
			mainGroup = 1889EF8A2AB8705100A0EEF1;
			productRefGroup = 1889EF942AB8705100A0EEF1 /* Products */;
			projectDirPath = "";
			projectRoot = "";
			targets = (
				1889EF922AB8705100A0EEF1 /* SubnettingApp */,
				1889EFA32AB8705500A0EEF1 /* SubnettingAppTests */,
				1889EFAD2AB8705500A0EEF1 /* SubnettingAppUITests */,
			);
		};
/* End PBXProject section */

/* Begin PBXResourcesBuildPhase section */
		1889EF912AB8705100A0EEF1 /* Resources */ = {
			isa = PBXResourcesBuildPhase;
			buildActionMask = 2147483647;
			files = (
				1889EF9B2AB8705400A0EEF1 /* Assets.xcassets in Resources */,
				1889EF9E2AB8705400A0EEF1 /* Main.storyboard in Resources */,
			);
			runOnlyForDeploymentPostprocessing = 0;
		};
		1889EFA22AB8705500A0EEF1 /* Resources */ = {
			isa = PBXResourcesBuildPhase;
			buildActionMask = 2147483647;
			files = (
			);
			runOnlyForDeploymentPostprocessing = 0;
		};
		1889EFAC2AB8705500A0EEF1 /* Resources */ = {
			isa = PBXResourcesBuildPhase;
			buildActionMask = 2147483647;
			files = (
			);
			runOnlyForDeploymentPostprocessing = 0;
		};
/* End PBXResourcesBuildPhase section */

/* Begin PBXSourcesBuildPhase section */
		1889EF8F2AB8705100A0EEF1 /* Sources */ = {
			isa = PBXSourcesBuildPhase;
			buildActionMask = 2147483647;
			files = (
				18A40A012ABC1D1E00B4782B /* subMaskViewController.swift in Sources */,
				18A40A052ABC593500B4782B /* SubNetting2ViewController.swift in Sources */,
				18A409FF2ABC16C500B4782B /* NetAddViewController.swift in Sources */,
				1889EF992AB8705100A0EEF1 /* ViewController.swift in Sources */,
				1889EF972AB8705100A0EEF1 /* AppDelegate.swift in Sources */,
				180F50AA2ABD1C1400841664 /* NetAddDisplayViewController.swift in Sources */,
				1889EFC22AB870C900A0EEF1 /* subnetting.swift in Sources */,
				18A40A032ABC476100B4782B /* SubNetting1ViewController.swift in Sources */,
				18A40A072ABC5A7600B4782B /* SubNetting3ViewController.swift in Sources */,
			);
			runOnlyForDeploymentPostprocessing = 0;
		};
		1889EFA02AB8705500A0EEF1 /* Sources */ = {
			isa = PBXSourcesBuildPhase;
			buildActionMask = 2147483647;
			files = (
				1889EFA92AB8705500A0EEF1 /* SubnettingAppTests.swift in Sources */,
			);
			runOnlyForDeploymentPostprocessing = 0;
		};
		1889EFAA2AB8705500A0EEF1 /* Sources */ = {
			isa = PBXSourcesBuildPhase;
			buildActionMask = 2147483647;
			files = (
				1889EFB32AB8705500A0EEF1 /* SubnettingAppUITests.swift in Sources */,
				1889EFB52AB8705500A0EEF1 /* SubnettingAppUITestsLaunchTests.swift in Sources */,
			);
			runOnlyForDeploymentPostprocessing = 0;
		};
/* End PBXSourcesBuildPhase section */

/* Begin PBXTargetDependency section */
		1889EFA62AB8705500A0EEF1 /* PBXTargetDependency */ = {
			isa = PBXTargetDependency;
			target = 1889EF922AB8705100A0EEF1 /* SubnettingApp */;
			targetProxy = 1889EFA52AB8705500A0EEF1 /* PBXContainerItemProxy */;
		};
		1889EFB02AB8705500A0EEF1 /* PBXTargetDependency */ = {
			isa = PBXTargetDependency;
			target = 1889EF922AB8705100A0EEF1 /* SubnettingApp */;
			targetProxy = 1889EFAF2AB8705500A0EEF1 /* PBXContainerItemProxy */;
		};
/* End PBXTargetDependency section */

/* Begin PBXVariantGroup section */
		1889EF9C2AB8705400A0EEF1 /* Main.storyboard */ = {
			isa = PBXVariantGroup;
			children = (
				1889EF9D2AB8705400A0EEF1 /* Base */,
			);
			name = Main.storyboard;
			sourceTree = "<group>";
		};
/* End PBXVariantGroup section */

/* Begin XCBuildConfiguration section */
		1889EFB62AB8705500A0EEF1 /* Debug */ = {
			isa = XCBuildConfiguration;
			buildSettings = {
				ALWAYS_SEARCH_USER_PATHS = NO;
				CLANG_ANALYZER_NONNULL = YES;
				CLANG_ANALYZER_NUMBER_OBJECT_CONVERSION = YES_AGGRESSIVE;
				CLANG_CXX_LANGUAGE_STANDARD = "gnu++20";
				CLANG_ENABLE_MODULES = YES;
				CLANG_ENABLE_OBJC_ARC = YES;
				CLANG_ENABLE_OBJC_WEAK = YES;
				CLANG_WARN_BLOCK_CAPTURE_AUTORELEASING = YES;
				CLANG_WARN_BOOL_CONVERSION = YES;
				CLANG_WARN_COMMA = YES;
				CLANG_WARN_CONSTANT_CONVERSION = YES;
				CLANG_WARN_DEPRECATED_OBJC_IMPLEMENTATIONS = YES;
				CLANG_WARN_DIRECT_OBJC_ISA_USAGE = YES_ERROR;
				CLANG_WARN_DOCUMENTATION_COMMENTS = YES;
				CLANG_WARN_EMPTY_BODY = YES;
				CLANG_WARN_ENUM_CONVERSION = YES;
				CLANG_WARN_INFINITE_RECURSION = YES;
				CLANG_WARN_INT_CONVERSION = YES;
				CLANG_WARN_NON_LITERAL_NULL_CONVERSION = YES;
				CLANG_WARN_OBJC_IMPLICIT_RETAIN_SELF = YES;
				CLANG_WARN_OBJC_LITERAL_CONVERSION = YES;
				CLANG_WARN_OBJC_ROOT_CLASS = YES_ERROR;
				CLANG_WARN_QUOTED_INCLUDE_IN_FRAMEWORK_HEADER = YES;
				CLANG_WARN_RANGE_LOOP_ANALYSIS = YES;
				CLANG_WARN_STRICT_PROTOTYPES = YES;
				CLANG_WARN_SUSPICIOUS_MOVE = YES;
				CLANG_WARN_UNGUARDED_AVAILABILITY = YES_AGGRESSIVE;
				CLANG_WARN_UNREACHABLE_CODE = YES;
				CLANG_WARN__DUPLICATE_METHOD_MATCH = YES;
				COPY_PHASE_STRIP = NO;
				DEBUG_INFORMATION_FORMAT = dwarf;
				ENABLE_STRICT_OBJC_MSGSEND = YES;
				ENABLE_TESTABILITY = YES;
				GCC_C_LANGUAGE_STANDARD = gnu11;
				GCC_DYNAMIC_NO_PIC = NO;
				GCC_NO_COMMON_BLOCKS = YES;
				GCC_OPTIMIZATION_LEVEL = 0;
				GCC_PREPROCESSOR_DEFINITIONS = (
					"DEBUG=1",
					"$(inherited)",
				);
				GCC_WARN_64_TO_32_BIT_CONVERSION = YES;
				GCC_WARN_ABOUT_RETURN_TYPE = YES_ERROR;
				GCC_WARN_UNDECLARED_SELECTOR = YES;
				GCC_WARN_UNINITIALIZED_AUTOS = YES_AGGRESSIVE;
				GCC_WARN_UNUSED_FUNCTION = YES;
				GCC_WARN_UNUSED_VARIABLE = YES;
				MACOSX_DEPLOYMENT_TARGET = 13.3;
				MTL_ENABLE_DEBUG_INFO = INCLUDE_SOURCE;
				MTL_FAST_MATH = YES;
				ONLY_ACTIVE_ARCH = YES;
				SDKROOT = macosx;
				SWIFT_ACTIVE_COMPILATION_CONDITIONS = DEBUG;
				SWIFT_OPTIMIZATION_LEVEL = "-Onone";
			};
			name = Debug;
		};
		1889EFB72AB8705500A0EEF1 /* Release */ = {
			isa = XCBuildConfiguration;
			buildSettings = {
				ALWAYS_SEARCH_USER_PATHS = NO;
				CLANG_ANALYZER_NONNULL = YES;
				CLANG_ANALYZER_NUMBER_OBJECT_CONVERSION = YES_AGGRESSIVE;
				CLANG_CXX_LANGUAGE_STANDARD = "gnu++20";
				CLANG_ENABLE_MODULES = YES;
				CLANG_ENABLE_OBJC_ARC = YES;
				CLANG_ENABLE_OBJC_WEAK = YES;
				CLANG_WARN_BLOCK_CAPTURE_AUTORELEASING = YES;
				CLANG_WARN_BOOL_CONVERSION = YES;
				CLANG_WARN_COMMA = YES;
				CLANG_WARN_CONSTANT_CONVERSION = YES;
				CLANG_WARN_DEPRECATED_OBJC_IMPLEMENTATIONS = YES;
				CLANG_WARN_DIRECT_OBJC_ISA_USAGE = YES_ERROR;
				CLANG_WARN_DOCUMENTATION_COMMENTS = YES;
				CLANG_WARN_EMPTY_BODY = YES;
				CLANG_WARN_ENUM_CONVERSION = YES;
				CLANG_WARN_INFINITE_RECURSION = YES;
				CLANG_WARN_INT_CONVERSION = YES;
				CLANG_WARN_NON_LITERAL_NULL_CONVERSION = YES;
				CLANG_WARN_OBJC_IMPLICIT_RETAIN_SELF = YES;
				CLANG_WARN_OBJC_LITERAL_CONVERSION = YES;
				CLANG_WARN_OBJC_ROOT_CLASS = YES_ERROR;
				CLANG_WARN_QUOTED_INCLUDE_IN_FRAMEWORK_HEADER = YES;
				CLANG_WARN_RANGE_LOOP_ANALYSIS = YES;
				CLANG_WARN_STRICT_PROTOTYPES = YES;
				CLANG_WARN_SUSPICIOUS_MOVE = YES;
				CLANG_WARN_UNGUARDED_AVAILABILITY = YES_AGGRESSIVE;
				CLANG_WARN_UNREACHABLE_CODE = YES;
				CLANG_WARN__DUPLICATE_METHOD_MATCH = YES;
				COPY_PHASE_STRIP = NO;
				DEBUG_INFORMATION_FORMAT = "dwarf-with-dsym";
				ENABLE_NS_ASSERTIONS = NO;
				ENABLE_STRICT_OBJC_MSGSEND = YES;
				GCC_C_LANGUAGE_STANDARD = gnu11;
				GCC_NO_COMMON_BLOCKS = YES;
				GCC_WARN_64_TO_32_BIT_CONVERSION = YES;
				GCC_WARN_ABOUT_RETURN_TYPE = YES_ERROR;
				GCC_WARN_UNDECLARED_SELECTOR = YES;
				GCC_WARN_UNINITIALIZED_AUTOS = YES_AGGRESSIVE;
				GCC_WARN_UNUSED_FUNCTION = YES;
				GCC_WARN_UNUSED_VARIABLE = YES;
				MACOSX_DEPLOYMENT_TARGET = 13.3;
				MTL_ENABLE_DEBUG_INFO = NO;
				MTL_FAST_MATH = YES;
				SDKROOT = macosx;
				SWIFT_COMPILATION_MODE = wholemodule;
				SWIFT_OPTIMIZATION_LEVEL = "-O";
			};
			name = Release;
		};
		1889EFB92AB8705500A0EEF1 /* Debug */ = {
			isa = XCBuildConfiguration;
			buildSettings = {
				ASSETCATALOG_COMPILER_APPICON_NAME = AppIcon;
				ASSETCATALOG_COMPILER_GLOBAL_ACCENT_COLOR_NAME = AccentColor;
				CODE_SIGN_ENTITLEMENTS = SubnettingApp/SubnettingApp.entitlements;
				CODE_SIGN_STYLE = Automatic;
				COMBINE_HIDPI_IMAGES = YES;
				CURRENT_PROJECT_VERSION = 1;
				GENERATE_INFOPLIST_FILE = YES;
				INFOPLIST_KEY_NSHumanReadableCopyright = "";
				INFOPLIST_KEY_NSMainStoryboardFile = Main;
				INFOPLIST_KEY_NSPrincipalClass = NSApplication;
				LD_RUNPATH_SEARCH_PATHS = (
					"$(inherited)",
					"@executable_path/../Frameworks",
				);
				MARKETING_VERSION = 1.0;
				PRODUCT_BUNDLE_IDENTIFIER = au.edu.uts.SubnettingApp;
				PRODUCT_NAME = "$(TARGET_NAME)";
				SWIFT_EMIT_LOC_STRINGS = YES;
				SWIFT_VERSION = 5.0;
			};
			name = Debug;
		};
		1889EFBA2AB8705500A0EEF1 /* Release */ = {
			isa = XCBuildConfiguration;
			buildSettings = {
				ASSETCATALOG_COMPILER_APPICON_NAME = AppIcon;
				ASSETCATALOG_COMPILER_GLOBAL_ACCENT_COLOR_NAME = AccentColor;
				CODE_SIGN_ENTITLEMENTS = SubnettingApp/SubnettingApp.entitlements;
				CODE_SIGN_STYLE = Automatic;
				COMBINE_HIDPI_IMAGES = YES;
				CURRENT_PROJECT_VERSION = 1;
				GENERATE_INFOPLIST_FILE = YES;
				INFOPLIST_KEY_NSHumanReadableCopyright = "";
				INFOPLIST_KEY_NSMainStoryboardFile = Main;
				INFOPLIST_KEY_NSPrincipalClass = NSApplication;
				LD_RUNPATH_SEARCH_PATHS = (
					"$(inherited)",
					"@executable_path/../Frameworks",
				);
				MARKETING_VERSION = 1.0;
				PRODUCT_BUNDLE_IDENTIFIER = au.edu.uts.SubnettingApp;
				PRODUCT_NAME = "$(TARGET_NAME)";
				SWIFT_EMIT_LOC_STRINGS = YES;
				SWIFT_VERSION = 5.0;
			};
			name = Release;
		};
		1889EFBC2AB8705500A0EEF1 /* Debug */ = {
			isa = XCBuildConfiguration;
			buildSettings = {
				ALWAYS_EMBED_SWIFT_STANDARD_LIBRARIES = YES;
				BUNDLE_LOADER = "$(TEST_HOST)";
				CODE_SIGN_STYLE = Automatic;
				CURRENT_PROJECT_VERSION = 1;
				GENERATE_INFOPLIST_FILE = YES;
				MACOSX_DEPLOYMENT_TARGET = 13.3;
				MARKETING_VERSION = 1.0;
				PRODUCT_BUNDLE_IDENTIFIER = au.edu.uts.SubnettingAppTests;
				PRODUCT_NAME = "$(TARGET_NAME)";
				SWIFT_EMIT_LOC_STRINGS = NO;
				SWIFT_VERSION = 5.0;
				TEST_HOST = "$(BUILT_PRODUCTS_DIR)/SubnettingApp.app/$(BUNDLE_EXECUTABLE_FOLDER_PATH)/SubnettingApp";
			};
			name = Debug;
		};
		1889EFBD2AB8705500A0EEF1 /* Release */ = {
			isa = XCBuildConfiguration;
			buildSettings = {
				ALWAYS_EMBED_SWIFT_STANDARD_LIBRARIES = YES;
				BUNDLE_LOADER = "$(TEST_HOST)";
				CODE_SIGN_STYLE = Automatic;
				CURRENT_PROJECT_VERSION = 1;
				GENERATE_INFOPLIST_FILE = YES;
				MACOSX_DEPLOYMENT_TARGET = 13.3;
				MARKETING_VERSION = 1.0;
				PRODUCT_BUNDLE_IDENTIFIER = au.edu.uts.SubnettingAppTests;
				PRODUCT_NAME = "$(TARGET_NAME)";
				SWIFT_EMIT_LOC_STRINGS = NO;
				SWIFT_VERSION = 5.0;
				TEST_HOST = "$(BUILT_PRODUCTS_DIR)/SubnettingApp.app/$(BUNDLE_EXECUTABLE_FOLDER_PATH)/SubnettingApp";
			};
			name = Release;
		};
		1889EFBF2AB8705500A0EEF1 /* Debug */ = {
			isa = XCBuildConfiguration;
			buildSettings = {
				ALWAYS_EMBED_SWIFT_STANDARD_LIBRARIES = YES;
				CODE_SIGN_STYLE = Automatic;
				CURRENT_PROJECT_VERSION = 1;
				GENERATE_INFOPLIST_FILE = YES;
				MARKETING_VERSION = 1.0;
				PRODUCT_BUNDLE_IDENTIFIER = au.edu.uts.SubnettingAppUITests;
				PRODUCT_NAME = "$(TARGET_NAME)";
				SWIFT_EMIT_LOC_STRINGS = NO;
				SWIFT_VERSION = 5.0;
				TEST_TARGET_NAME = SubnettingApp;
			};
			name = Debug;
		};
		1889EFC02AB8705500A0EEF1 /* Release */ = {
			isa = XCBuildConfiguration;
			buildSettings = {
				ALWAYS_EMBED_SWIFT_STANDARD_LIBRARIES = YES;
				CODE_SIGN_STYLE = Automatic;
				CURRENT_PROJECT_VERSION = 1;
				GENERATE_INFOPLIST_FILE = YES;
				MARKETING_VERSION = 1.0;
				PRODUCT_BUNDLE_IDENTIFIER = au.edu.uts.SubnettingAppUITests;
				PRODUCT_NAME = "$(TARGET_NAME)";
				SWIFT_EMIT_LOC_STRINGS = NO;
				SWIFT_VERSION = 5.0;
				TEST_TARGET_NAME = SubnettingApp;
			};
			name = Release;
		};
/* End XCBuildConfiguration section */

/* Begin XCConfigurationList section */
		1889EF8E2AB8705100A0EEF1 /* Build configuration list for PBXProject "SubnettingApp" */ = {
			isa = XCConfigurationList;
			buildConfigurations = (
				1889EFB62AB8705500A0EEF1 /* Debug */,
				1889EFB72AB8705500A0EEF1 /* Release */,
			);
			defaultConfigurationIsVisible = 0;
			defaultConfigurationName = Release;
		};
		1889EFB82AB8705500A0EEF1 /* Build configuration list for PBXNativeTarget "SubnettingApp" */ = {
			isa = XCConfigurationList;
			buildConfigurations = (
				1889EFB92AB8705500A0EEF1 /* Debug */,
				1889EFBA2AB8705500A0EEF1 /* Release */,
			);
			defaultConfigurationIsVisible = 0;
			defaultConfigurationName = Release;
		};
		1889EFBB2AB8705500A0EEF1 /* Build configuration list for PBXNativeTarget "SubnettingAppTests" */ = {
			isa = XCConfigurationList;
			buildConfigurations = (
				1889EFBC2AB8705500A0EEF1 /* Debug */,
				1889EFBD2AB8705500A0EEF1 /* Release */,
			);
			defaultConfigurationIsVisible = 0;
			defaultConfigurationName = Release;
		};
		1889EFBE2AB8705500A0EEF1 /* Build configuration list for PBXNativeTarget "SubnettingAppUITests" */ = {
			isa = XCConfigurationList;
			buildConfigurations = (
				1889EFBF2AB8705500A0EEF1 /* Debug */,
				1889EFC02AB8705500A0EEF1 /* Release */,
			);
			defaultConfigurationIsVisible = 0;
			defaultConfigurationName = Release;
		};
/* End XCConfigurationList section */
	};
	rootObject = 1889EF8B2AB8705100A0EEF1 /* Project object */;
}
